
Microsoft Visual Studio Solution File, Format Version 12.00
# Visual Studio Version 16
VisualStudioVersion = 16.0.31624.102
MinimumVisualStudioVersion = 10.0.40219.1
Project("{FAE04EC0-301F-11D3-BF4B-00C04F79EFBC}") = "MethodVicheslenii", "MethodVicheslenii\MethodVicheslenii.csproj", "{726127FC-06F3-420B-B401-C4E3978DAEFF}"
EndProject
Global
	GlobalSection(SolutionConfigurationPlatforms) = preSolution
		Debug|Any CPU = Debug|Any CPU
		Release|Any CPU = Release|Any CPU
	EndGlobalSection
	GlobalSection(ProjectConfigurationPlatforms) = postSolution
		{726127FC-06F3-420B-B401-C4E3978DAEFF}.Debug|Any CPU.ActiveCfg = Debug|Any CPU
		{726127FC-06F3-420B-B401-C4E3978DAEFF}.Debug|Any CPU.Build.0 = Debug|Any CPU
		{726127FC-06F3-420B-B401-C4E3978DAEFF}.Release|Any CPU.ActiveCfg = Release|Any CPU
		{726127FC-06F3-420B-B401-C4E3978DAEFF}.Release|Any CPU.Build.0 = Release|Any CPU
	EndGlobalSection
	GlobalSection(SolutionProperties) = preSolution
		HideSolutionNode = FALSE
	EndGlobalSection
	GlobalSection(ExtensibilityGlobals) = postSolution
		SolutionGuid = {1F4FCE73-9BB4-468C-939D-CC70A0C8CE83}
	EndGlobalSection
EndGlobal
